
Microsoft Visual Studio Solution File, Format Version 12.00
# Visual Studio Version 17
VisualStudioVersion = 17.14.36518.9 d17.14
MinimumVisualStudioVersion = 10.0.40219.1
Project("{8BC9CEB8-8B4A-11D0-8D11-00A0C91BC942}") = "3ADAHue_1", "3ADAHue_1\3ADAHue_1.vcxproj", "{FA872B9D-672F-46C5-B434-A99389F6087B}"
EndProject
Project("{8BC9CEB8-8B4A-11D0-8D11-00A0C91BC942}") = "3ADAHue_2", "3ADAHue_2\3ADAHue_2.vcxproj", "{44F22B6D-E46A-406B-B551-6D72A6EFDD3B}"
EndProject
Project("{8BC9CEB8-8B4A-11D0-8D11-00A0C91BC942}") = "3ADAHue_3", "3ADAHue_3\3ADAHue_3.vcxproj", "{739A8BB1-80B6-48B6-87FA-C0FAD0F2355D}"
EndProject
Project("{8BC9CEB8-8B4A-11D0-8D11-00A0C91BC942}") = "3ADAHue_4", "3ADAHue_4\3ADAHue_4.vcxproj", "{BE57EC82-E3D2-4771-840A-7D96C7E14DCD}"
EndProject
Project("{8BC9CEB8-8B4A-11D0-8D11-00A0C91BC942}") = "3ADAHue_5", "3ADAHue_5\3ADAHue_5.vcxproj", "{26D9CC32-D84E-4183-95C6-B84FBC7A203C}"
EndProject
Project("{8BC9CEB8-8B4A-11D0-8D11-00A0C91BC942}") = "3ADAHue_6", "3ADAHue_6\3ADAHue_6.vcxproj", "{07B79001-A724-4F47-AA15-34549532E20F}"
EndProject
Global
	GlobalSection(SolutionConfigurationPlatforms) = preSolution
		Debug|x64 = Debug|x64
		Debug|x86 = Debug|x86
		Release|x64 = Release|x64
		Release|x86 = Release|x86
	EndGlobalSection
	GlobalSection(ProjectConfigurationPlatforms) = postSolution
		{FA872B9D-672F-46C5-B434-A99389F6087B}.Debug|x64.ActiveCfg = Debug|x64
		{FA872B9D-672F-46C5-B434-A99389F6087B}.Debug|x64.Build.0 = Debug|x64
		{FA872B9D-672F-46C5-B434-A99389F6087B}.Debug|x86.ActiveCfg = Debug|Win32
		{FA872B9D-672F-46C5-B434-A99389F6087B}.Debug|x86.Build.0 = Debug|Win32
		{FA872B9D-672F-46C5-B434-A99389F6087B}.Release|x64.ActiveCfg = Release|x64
		{FA872B9D-672F-46C5-B434-A99389F6087B}.Release|x64.Build.0 = Release|x64
		{FA872B9D-672F-46C5-B434-A99389F6087B}.Release|x86.ActiveCfg = Release|Win32
		{FA872B9D-672F-46C5-B434-A99389F6087B}.Release|x86.Build.0 = Release|Win32
		{44F22B6D-E46A-406B-B551-6D72A6EFDD3B}.Debug|x64.ActiveCfg = Debug|x64
		{44F22B6D-E46A-406B-B551-6D72A6EFDD3B}.Debug|x64.Build.0 = Debug|x64
		{44F22B6D-E46A-406B-B551-6D72A6EFDD3B}.Debug|x86.ActiveCfg = Debug|Win32
		{44F22B6D-E46A-406B-B551-6D72A6EFDD3B}.Debug|x86.Build.0 = Debug|Win32
		{44F22B6D-E46A-406B-B551-6D72A6EFDD3B}.Release|x64.ActiveCfg = Release|x64
		{44F22B6D-E46A-406B-B551-6D72A6EFDD3B}.Release|x64.Build.0 = Release|x64
		{44F22B6D-E46A-406B-B551-6D72A6EFDD3B}.Release|x86.ActiveCfg = Release|Win32
		{44F22B6D-E46A-406B-B551-6D72A6EFDD3B}.Release|x86.Build.0 = Release|Win32
		{739A8BB1-80B6-48B6-87FA-C0FAD0F2355D}.Debug|x64.ActiveCfg = Debug|x64
		{739A8BB1-80B6-48B6-87FA-C0FAD0F2355D}.Debug|x64.Build.0 = Debug|x64
		{739A8BB1-80B6-48B6-87FA-C0FAD0F2355D}.Debug|x86.ActiveCfg = Debug|Win32
		{739A8BB1-80B6-48B6-87FA-C0FAD0F2355D}.Debug|x86.Build.0 = Debug|Win32
		{739A8BB1-80B6-48B6-87FA-C0FAD0F2355D}.Release|x64.ActiveCfg = Release|x64
		{739A8BB1-80B6-48B6-87FA-C0FAD0F2355D}.Release|x64.Build.0 = Release|x64
		{739A8BB1-80B6-48B6-87FA-C0FAD0F2355D}.Release|x86.ActiveCfg = Release|Win32
		{739A8BB1-80B6-48B6-87FA-C0FAD0F2355D}.Release|x86.Build.0 = Release|Win32
		{BE57EC82-E3D2-4771-840A-7D96C7E14DCD}.Debug|x64.ActiveCfg = Debug|x64
		{BE57EC82-E3D2-4771-840A-7D96C7E14DCD}.Debug|x64.Build.0 = Debug|x64
		{BE57EC82-E3D2-4771-840A-7D96C7E14DCD}.Debug|x86.ActiveCfg = Debug|Win32
		{BE57EC82-E3D2-4771-840A-7D96C7E14DCD}.Debug|x86.Build.0 = Debug|Win32
		{BE57EC82-E3D2-4771-840A-7D96C7E14DCD}.Release|x64.ActiveCfg = Release|x64
		{BE57EC82-E3D2-4771-840A-7D96C7E14DCD}.Release|x64.Build.0 = Release|x64
		{BE57EC82-E3D2-4771-840A-7D96C7E14DCD}.Release|x86.ActiveCfg = Release|Win32
		{BE57EC82-E3D2-4771-840A-7D96C7E14DCD}.Release|x86.Build.0 = Release|Win32
		{26D9CC32-D84E-4183-95C6-B84FBC7A203C}.Debug|x64.ActiveCfg = Debug|x64
		{26D9CC32-D84E-4183-95C6-B84FBC7A203C}.Debug|x64.Build.0 = Debug|x64
		{26D9CC32-D84E-4183-95C6-B84FBC7A203C}.Debug|x86.ActiveCfg = Debug|Win32
		{26D9CC32-D84E-4183-95C6-B84FBC7A203C}.Debug|x86.Build.0 = Debug|Win32
		{26D9CC32-D84E-4183-95C6-B84FBC7A203C}.Release|x64.ActiveCfg = Release|x64
		{26D9CC32-D84E-4183-95C6-B84FBC7A203C}.Release|x64.Build.0 = Release|x64
		{26D9CC32-D84E-4183-95C6-B84FBC7A203C}.Release|x86.ActiveCfg = Release|Win32
		{26D9CC32-D84E-4183-95C6-B84FBC7A203C}.Release|x86.Build.0 = Release|Win32
		{07B79001-A724-4F47-AA15-34549532E20F}.Debug|x64.ActiveCfg = Debug|x64
		{07B79001-A724-4F47-AA15-34549532E20F}.Debug|x64.Build.0 = Debug|x64
		{07B79001-A724-4F47-AA15-34549532E20F}.Debug|x86.ActiveCfg = Debug|Win32
		{07B79001-A724-4F47-AA15-34549532E20F}.Debug|x86.Build.0 = Debug|Win32
		{07B79001-A724-4F47-AA15-34549532E20F}.Release|x64.ActiveCfg = Release|x64
		{07B79001-A724-4F47-AA15-34549532E20F}.Release|x64.Build.0 = Release|x64
		{07B79001-A724-4F47-AA15-34549532E20F}.Release|x86.ActiveCfg = Release|Win32
		{07B79001-A724-4F47-AA15-34549532E20F}.Release|x86.Build.0 = Release|Win32
	EndGlobalSection
	GlobalSection(SolutionProperties) = preSolution
		HideSolutionNode = FALSE
	EndGlobalSection
	GlobalSection(ExtensibilityGlobals) = postSolution
		SolutionGuid = {AC5B3CBE-262F-4203-BF4C-EEEC4943F690}
	EndGlobalSection
EndGlobal
