
Microsoft Visual Studio Solution File, Format Version 12.00
# Visual Studio Version 17
VisualStudioVersion = 17.14.36518.9 d17.14
MinimumVisualStudioVersion = 10.0.40219.1
Project("{8BC9CEB8-8B4A-11D0-8D11-00A0C91BC942}") = "3ADAHue_1", "3ADAHue_1\3ADAHue_1.vcxproj", "{7C89C395-04D2-4BDA-A094-3F007A2719F3}"
EndProject
Project("{8BC9CEB8-8B4A-11D0-8D11-00A0C91BC942}") = "3ADAHue_2", "3ADAHue_2\3ADAHue_2.vcxproj", "{C9AF6270-1033-471A-BBAD-5B039097CF6C}"
EndProject
Project("{8BC9CEB8-8B4A-11D0-8D11-00A0C91BC942}") = "3ADAHue_3", "3ADAHue_3\3ADAHue_3.vcxproj", "{6335288B-5CC5-4733-8C78-1AFF6C3EADEE}"
EndProject
Project("{8BC9CEB8-8B4A-11D0-8D11-00A0C91BC942}") = "3ADAHue_4", "3ADAHue_4\3ADAHue_4.vcxproj", "{1C9D7E58-EFFD-4336-B004-9D8B88B6942D}"
EndProject
Project("{8BC9CEB8-8B4A-11D0-8D11-00A0C91BC942}") = "3ADAHue_5", "3ADAHue_5\3ADAHue_5.vcxproj", "{094B7A7C-EA16-4C0E-A2A2-B7455223E5BE}"
EndProject
Project("{8BC9CEB8-8B4A-11D0-8D11-00A0C91BC942}") = "3ADAHue_6", "3ADAHue_6\3ADAHue_6.vcxproj", "{196265F8-559B-43B3-ACAD-35260BCE1FDC}"
EndProject
Project("{8BC9CEB8-8B4A-11D0-8D11-00A0C91BC942}") = "3ADAHue_7", "3ADAHue_7\3ADAHue_7.vcxproj", "{DD89A9AC-D11B-4FB9-8A44-1D9A3EA4BBFF}"
EndProject
Project("{8BC9CEB8-8B4A-11D0-8D11-00A0C91BC942}") = "3ADAHue_8", "3ADAHue_8\3ADAHue_8.vcxproj", "{CA6EDB9D-C3E1-4210-B147-050A9046749D}"
EndProject
Project("{8BC9CEB8-8B4A-11D0-8D11-00A0C91BC942}") = "3ADAHue_9", "3ADAHue_9\3ADAHue_9.vcxproj", "{8D3B32B7-93B7-4C5A-BB11-A95F99651ED4}"
EndProject
Project("{8BC9CEB8-8B4A-11D0-8D11-00A0C91BC942}") = "3ADAHue-10", "3ADAHue__10\3ADAHue__10.vcxproj", "{8E614F36-DC7D-480C-82D0-2D8DBA1F5E0B}"
EndProject
Project("{8BC9CEB8-8B4A-11D0-8D11-00A0C91BC942}") = "3ADAHue-11", "3ADAHue-11\3ADAHue-11.vcxproj", "{018A9E3B-D206-4A2C-A074-59E267B3864F}"
EndProject
Project("{8BC9CEB8-8B4A-11D0-8D11-00A0C91BC942}") = "3ADAHue-12", "3ADAHue-12\3ADAHue-12.vcxproj", "{14BFD0E4-E020-4719-AAB6-AC09244581A2}"
EndProject
Project("{8BC9CEB8-8B4A-11D0-8D11-00A0C91BC942}") = "3ADAHue-13", "3ADAHue-13\3ADAHue-13.vcxproj", "{FFA4B76E-0964-41D7-9E74-0B82592478D6}"
EndProject
Project("{8BC9CEB8-8B4A-11D0-8D11-00A0C91BC942}") = "3ADAHue-14", "3ADAHue-14\3ADAHue-14.vcxproj", "{CECB9D7D-D84E-48B8-B91A-CD64F0E6432E}"
EndProject
Project("{8BC9CEB8-8B4A-11D0-8D11-00A0C91BC942}") = "3ADAHue-15", "3ADAHue-15\3ADAHue-15.vcxproj", "{54ABBDE0-8ED9-4F17-B818-31C5814211DE}"
EndProject
Project("{8BC9CEB8-8B4A-11D0-8D11-00A0C91BC942}") = "3ADAHue-16", "3ADAHue-16\3ADAHue-16.vcxproj", "{F0C418D4-954D-47AA-AE46-D556C10F1DC0}"
EndProject
Project("{8BC9CEB8-8B4A-11D0-8D11-00A0C91BC942}") = "3ADAHue-17", "3ADAHue-17\3ADAHue-17.vcxproj", "{44654E28-245A-49A8-AD10-DBF1BC36CEB4}"
EndProject
Project("{8BC9CEB8-8B4A-11D0-8D11-00A0C91BC942}") = "3ADAHue-18", "3ADAHue-18\3ADAHue-18.vcxproj", "{08754907-DBDA-49E1-8F72-20FC7BECD442}"
EndProject
Project("{8BC9CEB8-8B4A-11D0-8D11-00A0C91BC942}") = "3ADAHue-19", "3ADAHue-19\3ADAHue-19.vcxproj", "{FB7C9920-C275-4C27-ACB2-8355C856D327}"
EndProject
Project("{8BC9CEB8-8B4A-11D0-8D11-00A0C91BC942}") = "3ADAHue-20", "3ADAHue-20\3ADAHue-20.vcxproj", "{310379A2-4769-4A17-85B3-EA7313A7D992}"
EndProject
Global
	GlobalSection(SolutionConfigurationPlatforms) = preSolution
		Debug|x64 = Debug|x64
		Debug|x86 = Debug|x86
		Release|x64 = Release|x64
		Release|x86 = Release|x86
	EndGlobalSection
	GlobalSection(ProjectConfigurationPlatforms) = postSolution
		{7C89C395-04D2-4BDA-A094-3F007A2719F3}.Debug|x64.ActiveCfg = Debug|x64
		{7C89C395-04D2-4BDA-A094-3F007A2719F3}.Debug|x64.Build.0 = Debug|x64
		{7C89C395-04D2-4BDA-A094-3F007A2719F3}.Debug|x86.ActiveCfg = Debug|Win32
		{7C89C395-04D2-4BDA-A094-3F007A2719F3}.Debug|x86.Build.0 = Debug|Win32
		{7C89C395-04D2-4BDA-A094-3F007A2719F3}.Release|x64.ActiveCfg = Release|x64
		{7C89C395-04D2-4BDA-A094-3F007A2719F3}.Release|x64.Build.0 = Release|x64
		{7C89C395-04D2-4BDA-A094-3F007A2719F3}.Release|x86.ActiveCfg = Release|Win32
		{7C89C395-04D2-4BDA-A094-3F007A2719F3}.Release|x86.Build.0 = Release|Win32
		{C9AF6270-1033-471A-BBAD-5B039097CF6C}.Debug|x64.ActiveCfg = Debug|x64
		{C9AF6270-1033-471A-BBAD-5B039097CF6C}.Debug|x64.Build.0 = Debug|x64
		{C9AF6270-1033-471A-BBAD-5B039097CF6C}.Debug|x86.ActiveCfg = Debug|Win32
		{C9AF6270-1033-471A-BBAD-5B039097CF6C}.Debug|x86.Build.0 = Debug|Win32
		{C9AF6270-1033-471A-BBAD-5B039097CF6C}.Release|x64.ActiveCfg = Release|x64
		{C9AF6270-1033-471A-BBAD-5B039097CF6C}.Release|x64.Build.0 = Release|x64
		{C9AF6270-1033-471A-BBAD-5B039097CF6C}.Release|x86.ActiveCfg = Release|Win32
		{C9AF6270-1033-471A-BBAD-5B039097CF6C}.Release|x86.Build.0 = Release|Win32
		{6335288B-5CC5-4733-8C78-1AFF6C3EADEE}.Debug|x64.ActiveCfg = Debug|x64
		{6335288B-5CC5-4733-8C78-1AFF6C3EADEE}.Debug|x64.Build.0 = Debug|x64
		{6335288B-5CC5-4733-8C78-1AFF6C3EADEE}.Debug|x86.ActiveCfg = Debug|Win32
		{6335288B-5CC5-4733-8C78-1AFF6C3EADEE}.Debug|x86.Build.0 = Debug|Win32
		{6335288B-5CC5-4733-8C78-1AFF6C3EADEE}.Release|x64.ActiveCfg = Release|x64
		{6335288B-5CC5-4733-8C78-1AFF6C3EADEE}.Release|x64.Build.0 = Release|x64
		{6335288B-5CC5-4733-8C78-1AFF6C3EADEE}.Release|x86.ActiveCfg = Release|Win32
		{6335288B-5CC5-4733-8C78-1AFF6C3EADEE}.Release|x86.Build.0 = Release|Win32
		{1C9D7E58-EFFD-4336-B004-9D8B88B6942D}.Debug|x64.ActiveCfg = Debug|x64
		{1C9D7E58-EFFD-4336-B004-9D8B88B6942D}.Debug|x64.Build.0 = Debug|x64
		{1C9D7E58-EFFD-4336-B004-9D8B88B6942D}.Debug|x86.ActiveCfg = Debug|Win32
		{1C9D7E58-EFFD-4336-B004-9D8B88B6942D}.Debug|x86.Build.0 = Debug|Win32
		{1C9D7E58-EFFD-4336-B004-9D8B88B6942D}.Release|x64.ActiveCfg = Release|x64
		{1C9D7E58-EFFD-4336-B004-9D8B88B6942D}.Release|x64.Build.0 = Release|x64
		{1C9D7E58-EFFD-4336-B004-9D8B88B6942D}.Release|x86.ActiveCfg = Release|Win32
		{1C9D7E58-EFFD-4336-B004-9D8B88B6942D}.Release|x86.Build.0 = Release|Win32
		{094B7A7C-EA16-4C0E-A2A2-B7455223E5BE}.Debug|x64.ActiveCfg = Debug|x64
		{094B7A7C-EA16-4C0E-A2A2-B7455223E5BE}.Debug|x64.Build.0 = Debug|x64
		{094B7A7C-EA16-4C0E-A2A2-B7455223E5BE}.Debug|x86.ActiveCfg = Debug|Win32
		{094B7A7C-EA16-4C0E-A2A2-B7455223E5BE}.Debug|x86.Build.0 = Debug|Win32
		{094B7A7C-EA16-4C0E-A2A2-B7455223E5BE}.Release|x64.ActiveCfg = Release|x64
		{094B7A7C-EA16-4C0E-A2A2-B7455223E5BE}.Release|x64.Build.0 = Release|x64
		{094B7A7C-EA16-4C0E-A2A2-B7455223E5BE}.Release|x86.ActiveCfg = Release|Win32
		{094B7A7C-EA16-4C0E-A2A2-B7455223E5BE}.Release|x86.Build.0 = Release|Win32
		{196265F8-559B-43B3-ACAD-35260BCE1FDC}.Debug|x64.ActiveCfg = Debug|x64
		{196265F8-559B-43B3-ACAD-35260BCE1FDC}.Debug|x64.Build.0 = Debug|x64
		{196265F8-559B-43B3-ACAD-35260BCE1FDC}.Debug|x86.ActiveCfg = Debug|Win32
		{196265F8-559B-43B3-ACAD-35260BCE1FDC}.Debug|x86.Build.0 = Debug|Win32
		{196265F8-559B-43B3-ACAD-35260BCE1FDC}.Release|x64.ActiveCfg = Release|x64
		{196265F8-559B-43B3-ACAD-35260BCE1FDC}.Release|x64.Build.0 = Release|x64
		{196265F8-559B-43B3-ACAD-35260BCE1FDC}.Release|x86.ActiveCfg = Release|Win32
		{196265F8-559B-43B3-ACAD-35260BCE1FDC}.Release|x86.Build.0 = Release|Win32
		{DD89A9AC-D11B-4FB9-8A44-1D9A3EA4BBFF}.Debug|x64.ActiveCfg = Debug|x64
		{DD89A9AC-D11B-4FB9-8A44-1D9A3EA4BBFF}.Debug|x64.Build.0 = Debug|x64
		{DD89A9AC-D11B-4FB9-8A44-1D9A3EA4BBFF}.Debug|x86.ActiveCfg = Debug|Win32
		{DD89A9AC-D11B-4FB9-8A44-1D9A3EA4BBFF}.Debug|x86.Build.0 = Debug|Win32
		{DD89A9AC-D11B-4FB9-8A44-1D9A3EA4BBFF}.Release|x64.ActiveCfg = Release|x64
		{DD89A9AC-D11B-4FB9-8A44-1D9A3EA4BBFF}.Release|x64.Build.0 = Release|x64
		{DD89A9AC-D11B-4FB9-8A44-1D9A3EA4BBFF}.Release|x86.ActiveCfg = Release|Win32
		{DD89A9AC-D11B-4FB9-8A44-1D9A3EA4BBFF}.Release|x86.Build.0 = Release|Win32
		{CA6EDB9D-C3E1-4210-B147-050A9046749D}.Debug|x64.ActiveCfg = Debug|x64
		{CA6EDB9D-C3E1-4210-B147-050A9046749D}.Debug|x64.Build.0 = Debug|x64
		{CA6EDB9D-C3E1-4210-B147-050A9046749D}.Debug|x86.ActiveCfg = Debug|Win32
		{CA6EDB9D-C3E1-4210-B147-050A9046749D}.Debug|x86.Build.0 = Debug|Win32
		{CA6EDB9D-C3E1-4210-B147-050A9046749D}.Release|x64.ActiveCfg = Release|x64
		{CA6EDB9D-C3E1-4210-B147-050A9046749D}.Release|x64.Build.0 = Release|x64
		{CA6EDB9D-C3E1-4210-B147-050A9046749D}.Release|x86.ActiveCfg = Release|Win32
		{CA6EDB9D-C3E1-4210-B147-050A9046749D}.Release|x86.Build.0 = Release|Win32
		{8D3B32B7-93B7-4C5A-BB11-A95F99651ED4}.Debug|x64.ActiveCfg = Debug|x64
		{8D3B32B7-93B7-4C5A-BB11-A95F99651ED4}.Debug|x64.Build.0 = Debug|x64
		{8D3B32B7-93B7-4C5A-BB11-A95F99651ED4}.Debug|x86.ActiveCfg = Debug|Win32
		{8D3B32B7-93B7-4C5A-BB11-A95F99651ED4}.Debug|x86.Build.0 = Debug|Win32
		{8D3B32B7-93B7-4C5A-BB11-A95F99651ED4}.Release|x64.ActiveCfg = Release|x64
		{8D3B32B7-93B7-4C5A-BB11-A95F99651ED4}.Release|x64.Build.0 = Release|x64
		{8D3B32B7-93B7-4C5A-BB11-A95F99651ED4}.Release|x86.ActiveCfg = Release|Win32
		{8D3B32B7-93B7-4C5A-BB11-A95F99651ED4}.Release|x86.Build.0 = Release|Win32
		{8E614F36-DC7D-480C-82D0-2D8DBA1F5E0B}.Debug|x64.ActiveCfg = Debug|x64
		{8E614F36-DC7D-480C-82D0-2D8DBA1F5E0B}.Debug|x64.Build.0 = Debug|x64
		{8E614F36-DC7D-480C-82D0-2D8DBA1F5E0B}.Debug|x86.ActiveCfg = Debug|Win32
		{8E614F36-DC7D-480C-82D0-2D8DBA1F5E0B}.Debug|x86.Build.0 = Debug|Win32
		{8E614F36-DC7D-480C-82D0-2D8DBA1F5E0B}.Release|x64.ActiveCfg = Release|x64
		{8E614F36-DC7D-480C-82D0-2D8DBA1F5E0B}.Release|x64.Build.0 = Release|x64
		{8E614F36-DC7D-480C-82D0-2D8DBA1F5E0B}.Release|x86.ActiveCfg = Release|Win32
		{8E614F36-DC7D-480C-82D0-2D8DBA1F5E0B}.Release|x86.Build.0 = Release|Win32
		{018A9E3B-D206-4A2C-A074-59E267B3864F}.Debug|x64.ActiveCfg = Debug|x64
		{018A9E3B-D206-4A2C-A074-59E267B3864F}.Debug|x64.Build.0 = Debug|x64
		{018A9E3B-D206-4A2C-A074-59E267B3864F}.Debug|x86.ActiveCfg = Debug|Win32
		{018A9E3B-D206-4A2C-A074-59E267B3864F}.Debug|x86.Build.0 = Debug|Win32
		{018A9E3B-D206-4A2C-A074-59E267B3864F}.Release|x64.ActiveCfg = Release|x64
		{018A9E3B-D206-4A2C-A074-59E267B3864F}.Release|x64.Build.0 = Release|x64
		{018A9E3B-D206-4A2C-A074-59E267B3864F}.Release|x86.ActiveCfg = Release|Win32
		{018A9E3B-D206-4A2C-A074-59E267B3864F}.Release|x86.Build.0 = Release|Win32
		{14BFD0E4-E020-4719-AAB6-AC09244581A2}.Debug|x64.ActiveCfg = Debug|x64
		{14BFD0E4-E020-4719-AAB6-AC09244581A2}.Debug|x64.Build.0 = Debug|x64
		{14BFD0E4-E020-4719-AAB6-AC09244581A2}.Debug|x86.ActiveCfg = Debug|Win32
		{14BFD0E4-E020-4719-AAB6-AC09244581A2}.Debug|x86.Build.0 = Debug|Win32
		{14BFD0E4-E020-4719-AAB6-AC09244581A2}.Release|x64.ActiveCfg = Release|x64
		{14BFD0E4-E020-4719-AAB6-AC09244581A2}.Release|x64.Build.0 = Release|x64
		{14BFD0E4-E020-4719-AAB6-AC09244581A2}.Release|x86.ActiveCfg = Release|Win32
		{14BFD0E4-E020-4719-AAB6-AC09244581A2}.Release|x86.Build.0 = Release|Win32
		{FFA4B76E-0964-41D7-9E74-0B82592478D6}.Debug|x64.ActiveCfg = Debug|x64
		{FFA4B76E-0964-41D7-9E74-0B82592478D6}.Debug|x64.Build.0 = Debug|x64
		{FFA4B76E-0964-41D7-9E74-0B82592478D6}.Debug|x86.ActiveCfg = Debug|Win32
		{FFA4B76E-0964-41D7-9E74-0B82592478D6}.Debug|x86.Build.0 = Debug|Win32
		{FFA4B76E-0964-41D7-9E74-0B82592478D6}.Release|x64.ActiveCfg = Release|x64
		{FFA4B76E-0964-41D7-9E74-0B82592478D6}.Release|x64.Build.0 = Release|x64
		{FFA4B76E-0964-41D7-9E74-0B82592478D6}.Release|x86.ActiveCfg = Release|Win32
		{FFA4B76E-0964-41D7-9E74-0B82592478D6}.Release|x86.Build.0 = Release|Win32
		{CECB9D7D-D84E-48B8-B91A-CD64F0E6432E}.Debug|x64.ActiveCfg = Debug|x64
		{CECB9D7D-D84E-48B8-B91A-CD64F0E6432E}.Debug|x64.Build.0 = Debug|x64
		{CECB9D7D-D84E-48B8-B91A-CD64F0E6432E}.Debug|x86.ActiveCfg = Debug|Win32
		{CECB9D7D-D84E-48B8-B91A-CD64F0E6432E}.Debug|x86.Build.0 = Debug|Win32
		{CECB9D7D-D84E-48B8-B91A-CD64F0E6432E}.Release|x64.ActiveCfg = Release|x64
		{CECB9D7D-D84E-48B8-B91A-CD64F0E6432E}.Release|x64.Build.0 = Release|x64
		{CECB9D7D-D84E-48B8-B91A-CD64F0E6432E}.Release|x86.ActiveCfg = Release|Win32
		{CECB9D7D-D84E-48B8-B91A-CD64F0E6432E}.Release|x86.Build.0 = Release|Win32
		{54ABBDE0-8ED9-4F17-B818-31C5814211DE}.Debug|x64.ActiveCfg = Debug|x64
		{54ABBDE0-8ED9-4F17-B818-31C5814211DE}.Debug|x64.Build.0 = Debug|x64
		{54ABBDE0-8ED9-4F17-B818-31C5814211DE}.Debug|x86.ActiveCfg = Debug|Win32
		{54ABBDE0-8ED9-4F17-B818-31C5814211DE}.Debug|x86.Build.0 = Debug|Win32
		{54ABBDE0-8ED9-4F17-B818-31C5814211DE}.Release|x64.ActiveCfg = Release|x64
		{54ABBDE0-8ED9-4F17-B818-31C5814211DE}.Release|x64.Build.0 = Release|x64
		{54ABBDE0-8ED9-4F17-B818-31C5814211DE}.Release|x86.ActiveCfg = Release|Win32
		{54ABBDE0-8ED9-4F17-B818-31C5814211DE}.Release|x86.Build.0 = Release|Win32
		{F0C418D4-954D-47AA-AE46-D556C10F1DC0}.Debug|x64.ActiveCfg = Debug|x64
		{F0C418D4-954D-47AA-AE46-D556C10F1DC0}.Debug|x64.Build.0 = Debug|x64
		{F0C418D4-954D-47AA-AE46-D556C10F1DC0}.Debug|x86.ActiveCfg = Debug|Win32
		{F0C418D4-954D-47AA-AE46-D556C10F1DC0}.Debug|x86.Build.0 = Debug|Win32
		{F0C418D4-954D-47AA-AE46-D556C10F1DC0}.Release|x64.ActiveCfg = Release|x64
		{F0C418D4-954D-47AA-AE46-D556C10F1DC0}.Release|x64.Build.0 = Release|x64
		{F0C418D4-954D-47AA-AE46-D556C10F1DC0}.Release|x86.ActiveCfg = Release|Win32
		{F0C418D4-954D-47AA-AE46-D556C10F1DC0}.Release|x86.Build.0 = Release|Win32
		{44654E28-245A-49A8-AD10-DBF1BC36CEB4}.Debug|x64.ActiveCfg = Debug|x64
		{44654E28-245A-49A8-AD10-DBF1BC36CEB4}.Debug|x64.Build.0 = Debug|x64
		{44654E28-245A-49A8-AD10-DBF1BC36CEB4}.Debug|x86.ActiveCfg = Debug|Win32
		{44654E28-245A-49A8-AD10-DBF1BC36CEB4}.Debug|x86.Build.0 = Debug|Win32
		{44654E28-245A-49A8-AD10-DBF1BC36CEB4}.Release|x64.ActiveCfg = Release|x64
		{44654E28-245A-49A8-AD10-DBF1BC36CEB4}.Release|x64.Build.0 = Release|x64
		{44654E28-245A-49A8-AD10-DBF1BC36CEB4}.Release|x86.ActiveCfg = Release|Win32
		{44654E28-245A-49A8-AD10-DBF1BC36CEB4}.Release|x86.Build.0 = Release|Win32
		{08754907-DBDA-49E1-8F72-20FC7BECD442}.Debug|x64.ActiveCfg = Debug|x64
		{08754907-DBDA-49E1-8F72-20FC7BECD442}.Debug|x64.Build.0 = Debug|x64
		{08754907-DBDA-49E1-8F72-20FC7BECD442}.Debug|x86.ActiveCfg = Debug|Win32
		{08754907-DBDA-49E1-8F72-20FC7BECD442}.Debug|x86.Build.0 = Debug|Win32
		{08754907-DBDA-49E1-8F72-20FC7BECD442}.Release|x64.ActiveCfg = Release|x64
		{08754907-DBDA-49E1-8F72-20FC7BECD442}.Release|x64.Build.0 = Release|x64
		{08754907-DBDA-49E1-8F72-20FC7BECD442}.Release|x86.ActiveCfg = Release|Win32
		{08754907-DBDA-49E1-8F72-20FC7BECD442}.Release|x86.Build.0 = Release|Win32
		{FB7C9920-C275-4C27-ACB2-8355C856D327}.Debug|x64.ActiveCfg = Debug|x64
		{FB7C9920-C275-4C27-ACB2-8355C856D327}.Debug|x64.Build.0 = Debug|x64
		{FB7C9920-C275-4C27-ACB2-8355C856D327}.Debug|x86.ActiveCfg = Debug|Win32
		{FB7C9920-C275-4C27-ACB2-8355C856D327}.Debug|x86.Build.0 = Debug|Win32
		{FB7C9920-C275-4C27-ACB2-8355C856D327}.Release|x64.ActiveCfg = Release|x64
		{FB7C9920-C275-4C27-ACB2-8355C856D327}.Release|x64.Build.0 = Release|x64
		{FB7C9920-C275-4C27-ACB2-8355C856D327}.Release|x86.ActiveCfg = Release|Win32
		{FB7C9920-C275-4C27-ACB2-8355C856D327}.Release|x86.Build.0 = Release|Win32
		{310379A2-4769-4A17-85B3-EA7313A7D992}.Debug|x64.ActiveCfg = Debug|x64
		{310379A2-4769-4A17-85B3-EA7313A7D992}.Debug|x64.Build.0 = Debug|x64
		{310379A2-4769-4A17-85B3-EA7313A7D992}.Debug|x86.ActiveCfg = Debug|Win32
		{310379A2-4769-4A17-85B3-EA7313A7D992}.Debug|x86.Build.0 = Debug|Win32
		{310379A2-4769-4A17-85B3-EA7313A7D992}.Release|x64.ActiveCfg = Release|x64
		{310379A2-4769-4A17-85B3-EA7313A7D992}.Release|x64.Build.0 = Release|x64
		{310379A2-4769-4A17-85B3-EA7313A7D992}.Release|x86.ActiveCfg = Release|Win32
		{310379A2-4769-4A17-85B3-EA7313A7D992}.Release|x86.Build.0 = Release|Win32
	EndGlobalSection
	GlobalSection(SolutionProperties) = preSolution
		HideSolutionNode = FALSE
	EndGlobalSection
	GlobalSection(ExtensibilityGlobals) = postSolution
		SolutionGuid = {CF05D05A-CB13-4A46-BA13-03238858F253}
	EndGlobalSection
EndGlobal
